# This file was autogenerated by uv via the following command:
#    uv pip compile -o requirements.lock requirements.txt
absl-py==1.0.0
    # via
    #   -r requirements.txt
    #   tensorboard
anyio==4.5.2
    # via jupyter-server
appdirs==1.4.4
    # via
    #   -r requirements.txt
    #   pooch
appnope==0.1.4
    # via
    #   ipykernel
    #   ipython
argon2-cffi==25.1.0
    # via
    #   jupyter-server
    #   notebook
argon2-cffi-bindings==21.2.0
    # via argon2-cffi
arrow==1.4.0
    # via isoduration
attrs==25.3.0
    # via
    #   jsonschema
    #   pytest
    #   referencing
audioread==2.1.9
    # via
    #   -r requirements.txt
    #   librosa
babel==2.17.0
    # via jupyterlab-server
backcall==0.2.0
    # via ipython
backports-zoneinfo==0.2.1
    # via arrow
beautifulsoup4==4.14.2
    # via nbconvert
bleach==6.1.0
    # via nbconvert
blis==0.7.8
    # via
    #   -r requirements.txt
    #   thinc
cachetools==5.0.0
    # via
    #   -r requirements.txt
    #   google-auth
catalogue==2.0.8
    # via
    #   -r requirements.txt
    #   spacy
    #   srsly
    #   thinc
certifi==2025.10.5
    # via
    #   -r requirements.txt
    #   requests
cffi==1.17.1
    # via
    #   argon2-cffi-bindings
    #   soundfile
charset-normalizer==2.0.12
    # via
    #   -r requirements.txt
    #   requests
click==8.1.3
    # via
    #   -r requirements.txt
    #   typer
cloudpickle==2.0.0
    # via
    #   -r requirements.txt
    #   submitit
comm==0.2.3
    # via ipykernel
cycler==0.11.0
    # via
    #   -r requirements.txt
    #   matplotlib
cymem==2.0.6
    # via
    #   -r requirements.txt
    #   preshed
    #   spacy
    #   thinc
debugpy==1.8.17
    # via ipykernel
decorator==5.2.1
    # via
    #   ipython
    #   librosa
defusedxml==0.7.1
    # via nbconvert
exceptiongroup==1.3.0
    # via anyio
fastjsonschema==2.21.2
    # via nbformat
ffmpeg-python==0.2.0
    # via -r requirements.txt
fonttools==4.29.1
    # via
    #   -r requirements.txt
    #   matplotlib
fqdn==1.5.1
    # via jsonschema
ftfy==6.1.1
    # via -r requirements.txt
future==0.18.2
    # via
    #   -r requirements.txt
    #   ffmpeg-python
fvcore==0.1.5.post20220506
    # via -r requirements.txt
google-auth==2.6.0
    # via
    #   -r requirements.txt
    #   google-auth-oauthlib
    #   tensorboard
google-auth-oauthlib==0.4.6
    # via
    #   -r requirements.txt
    #   tensorboard
grpcio==1.70.0
    # via
    #   -r requirements.txt
    #   tensorboard
idna==3.3
    # via
    #   -r requirements.txt
    #   anyio
    #   jsonschema
    #   requests
importlib-metadata==8.5.0
    # via
    #   jupyter-client
    #   jupyterlab-server
    #   markdown
    #   nbconvert
    #   numba
importlib-resources==6.4.5
    # via
    #   jsonschema
    #   jsonschema-specifications
iniconfig==1.1.1
    # via
    #   -r requirements.txt
    #   pytest
iopath==0.1.9
    # via
    #   -r requirements.txt
    #   fvcore
ipykernel==6.29.5
    # via
    #   -r requirements.txt
    #   ipywidgets
    #   jupyter
    #   jupyter-console
    #   nbclassic
    #   notebook
ipython==7.31.1
    # via
    #   -r requirements.txt
    #   ipykernel
    #   ipywidgets
    #   jupyter-console
    #   jupyterlab
ipython-genutils==0.2.0
    # via
    #   ipywidgets
    #   nbclassic
    #   notebook
ipywidgets==7.6.5
    # via
    #   -r requirements.txt
    #   jupyter
isoduration==20.11.0
    # via jsonschema
jedi==0.19.2
    # via ipython
jinja2==3.1.6
    # via
    #   jupyter-server
    #   jupyterlab
    #   jupyterlab-server
    #   nbconvert
    #   notebook
    #   spacy
joblib==1.1.0
    # via
    #   -r requirements.txt
    #   librosa
    #   scikit-learn
json5==0.12.1
    # via jupyterlab-server
jsonpointer==3.0.0
    # via jsonschema
jsonschema==4.23.0
    # via
    #   jupyter-events
    #   jupyterlab-server
    #   nbformat
jsonschema-specifications==2023.12.1
    # via jsonschema
jupyter==1.1.1
    # via -r requirements.txt
jupyter-client==8.6.3
    # via
    #   ipykernel
    #   jupyter-console
    #   jupyter-server
    #   nbclient
    #   notebook
jupyter-console==6.6.3
    # via jupyter
jupyter-core==5.8.1
    # via
    #   ipykernel
    #   jupyter-client
    #   jupyter-console
    #   jupyter-server
    #   jupyterlab
    #   nbclient
    #   nbconvert
    #   nbformat
    #   notebook
jupyter-events==0.10.0
    # via jupyter-server
jupyter-server==2.14.2
    # via
    #   jupyterlab
    #   jupyterlab-server
    #   notebook-shim
jupyter-server-terminals==0.5.3
    # via jupyter-server
jupyterlab==3.5.3
    # via jupyter
jupyterlab-pygments==0.3.0
    # via nbconvert
jupyterlab-server==2.16.3
    # via jupyterlab
jupyterlab-widgets==3.0.15
    # via ipywidgets
kiwisolver==1.3.2
    # via
    #   -r requirements.txt
    #   matplotlib
langcodes==3.3.0
    # via
    #   -r requirements.txt
    #   spacy
langdetect==1.0.7
    # via spacy-langdetect
librosa==0.9.1
    # via -r requirements.txt
llvmlite==0.41.1
    # via
    #   -r requirements.txt
    #   numba
markdown==3.3.6
    # via
    #   -r requirements.txt
    #   tensorboard
markupsafe==2.1.5
    # via
    #   jinja2
    #   nbconvert
matplotlib==3.5.1
    # via -r requirements.txt
matplotlib-inline==0.1.7
    # via
    #   ipykernel
    #   ipython
mistune==3.1.4
    # via nbconvert
murmurhash==1.0.7
    # via
    #   -r requirements.txt
    #   preshed
    #   spacy
    #   thinc
nbclassic==1.2.0
    # via jupyterlab
nbclient==0.10.1
    # via nbconvert
nbconvert==7.16.6
    # via
    #   jupyter
    #   jupyter-server
    #   notebook
nbformat==5.10.4
    # via
    #   ipywidgets
    #   jupyter-server
    #   nbclient
    #   nbconvert
    #   notebook
nest-asyncio==1.6.0
    # via
    #   ipykernel
    #   nbclassic
    #   notebook
notebook==6.4.8
    # via
    #   -r requirements.txt
    #   jupyter
    #   jupyterlab
    #   widgetsnbextension
notebook-shim==0.2.4
    # via nbclassic
numba==0.58.0
    # via
    #   -r requirements.txt
    #   librosa
    #   resampy
numpy==1.21.5
    # via
    #   -r requirements.txt
    #   blis
    #   fvcore
    #   librosa
    #   matplotlib
    #   numba
    #   opencv-python
    #   pandas
    #   resampy
    #   scikit-learn
    #   scipy
    #   spacy
    #   tensorboard
    #   thinc
oauthlib==3.2.0
    # via
    #   -r requirements.txt
    #   requests-oauthlib
opencv-python==4.12.0.88
    # via -r requirements.txt
overrides==7.7.0
    # via jupyter-server
packaging==25.0
    # via
    #   ipykernel
    #   jupyter-server
    #   jupyterlab
    #   jupyterlab-server
    #   librosa
    #   matplotlib
    #   nbconvert
    #   pooch
    #   pytest
    #   spacy
pandas==1.4.1
    # via
    #   -r requirements.txt
    #   torch-tb-profiler
pandocfilters==1.5.1
    # via nbconvert
parso==0.8.5
    # via jedi
pathy==0.6.2
    # via
    #   -r requirements.txt
    #   spacy
pexpect==4.9.0
    # via ipython
pickleshare==0.7.5
    # via ipython
pillow==9.0.1
    # via
    #   -r requirements.txt
    #   fvcore
    #   matplotlib
pkgutil-resolve-name==1.3.10
    # via jsonschema
platformdirs==4.3.6
    # via jupyter-core
pluggy==1.0.0
    # via
    #   -r requirements.txt
    #   pytest
pooch==1.6.0
    # via
    #   -r requirements.txt
    #   librosa
portalocker==2.4.0
    # via
    #   -r requirements.txt
    #   iopath
preshed==3.0.6
    # via
    #   -r requirements.txt
    #   spacy
    #   thinc
prometheus-client==0.21.1
    # via
    #   jupyter-server
    #   notebook
prompt-toolkit==3.0.52
    # via
    #   ipython
    #   jupyter-console
protobuf==3.20.3
    # via
    #   -r requirements.txt
    #   tensorboard
psutil==7.1.1
    # via ipykernel
ptyprocess==0.7.0
    # via
    #   pexpect
    #   terminado
py==1.11.0
    # via
    #   -r requirements.txt
    #   pytest
pyasn1==0.4.8
    # via
    #   -r requirements.txt
    #   pyasn1-modules
    #   rsa
pyasn1-modules==0.2.8
    # via
    #   -r requirements.txt
    #   google-auth
pycparser==2.23
    # via cffi
pydantic==1.9.1
    # via
    #   -r requirements.txt
    #   spacy
    #   thinc
pygments==2.19.2
    # via
    #   ipython
    #   jupyter-console
    #   nbconvert
pyparsing==3.1.4
    # via matplotlib
pytest==7.1.2
    # via
    #   -r requirements.txt
    #   spacy-langdetect
python-dateutil==2.9.0.post0
    # via
    #   arrow
    #   jupyter-client
    #   matplotlib
    #   pandas
python-json-logger==4.0.0
    # via jupyter-events
pytz==2021.3
    # via
    #   -r requirements.txt
    #   babel
    #   pandas
pyyaml==6.0.3
    # via
    #   -r requirements.txt
    #   fvcore
    #   jupyter-events
    #   yacs
pyzmq==27.1.0
    # via
    #   ipykernel
    #   jupyter-client
    #   jupyter-console
    #   jupyter-server
    #   notebook
referencing==0.35.1
    # via
    #   jsonschema
    #   jsonschema-specifications
    #   jupyter-events
regex==2022.9.13
    # via -r requirements.txt
requests==2.27.1
    # via
    #   -r requirements.txt
    #   jupyterlab-server
    #   pooch
    #   requests-oauthlib
    #   spacy
    #   tensorboard
requests-oauthlib==1.3.1
    # via
    #   -r requirements.txt
    #   google-auth-oauthlib
resampy==0.2.2
    # via
    #   -r requirements.txt
    #   librosa
rfc3339-validator==0.1.4
    # via
    #   jsonschema
    #   jupyter-events
rfc3986-validator==0.1.1
    # via
    #   jsonschema
    #   jupyter-events
rpds-py==0.20.1
    # via
    #   jsonschema
    #   referencing
rsa==4.8
    # via
    #   -r requirements.txt
    #   google-auth
scikit-learn==1.0.2
    # via
    #   -r requirements.txt
    #   librosa
scipy==1.8.0
    # via
    #   -r requirements.txt
    #   librosa
    #   resampy
    #   scikit-learn
send2trash==1.8.3
    # via
    #   jupyter-server
    #   notebook
setuptools==75.3.2
    # via
    #   -r requirements.txt
    #   ipython
    #   spacy
    #   tensorboard
    #   thinc
six==1.17.0
    # via
    #   absl-py
    #   bleach
    #   google-auth
    #   langdetect
    #   python-dateutil
    #   resampy
    #   rfc3339-validator
smart-open==5.2.1
    # via
    #   -r requirements.txt
    #   pathy
sniffio==1.3.1
    # via anyio
soundfile==0.10.3.post1
    # via
    #   -r requirements.txt
    #   librosa
soupsieve==2.7
    # via beautifulsoup4
spacy==3.4.1
    # via -r requirements.txt
spacy-langdetect==0.1.2
    # via -r requirements.txt
spacy-legacy==3.0.9
    # via
    #   -r requirements.txt
    #   spacy
spacy-loggers==1.0.3
    # via
    #   -r requirements.txt
    #   spacy
srsly==2.4.4
    # via
    #   -r requirements.txt
    #   spacy
    #   thinc
submitit==1.4.1
    # via -r requirements.txt
tabulate==0.8.9
    # via
    #   -r requirements.txt
    #   fvcore
tensorboard==2.8.0
    # via
    #   -r requirements.txt
    #   torch-tb-profiler
tensorboard-data-server==0.6.1
    # via
    #   -r requirements.txt
    #   tensorboard
tensorboard-plugin-wit==1.8.1
    # via
    #   -r requirements.txt
    #   tensorboard
termcolor==1.1.0
    # via
    #   -r requirements.txt
    #   fvcore
terminado==0.18.1
    # via
    #   jupyter-server
    #   jupyter-server-terminals
    #   notebook
thinc==8.1.0
    # via
    #   -r requirements.txt
    #   spacy
threadpoolctl==3.1.0
    # via
    #   -r requirements.txt
    #   scikit-learn
tinycss2==1.2.1
    # via bleach
tomli==2.0.1
    # via
    #   -r requirements.txt
    #   jupyterlab
    #   pytest
torch-tb-profiler==0.3.1
    # via -r requirements.txt
tornado==6.4.2
    # via
    #   ipykernel
    #   jupyter-client
    #   jupyter-server
    #   jupyterlab
    #   notebook
    #   terminado
tqdm==4.62.3
    # via
    #   -r requirements.txt
    #   fvcore
    #   iopath
    #   spacy
traitlets==5.14.3
    # via
    #   ipykernel
    #   ipython
    #   ipywidgets
    #   jupyter-client
    #   jupyter-console
    #   jupyter-core
    #   jupyter-events
    #   jupyter-server
    #   matplotlib-inline
    #   nbclient
    #   nbconvert
    #   nbformat
    #   notebook
typer==0.4.2
    # via
    #   -r requirements.txt
    #   pathy
    #   spacy
typing-extensions==4.13.2
    # via
    #   anyio
    #   beautifulsoup4
    #   exceptiongroup
    #   mistune
    #   pydantic
    #   python-json-logger
    #   submitit
uri-template==1.3.0
    # via jsonschema
urllib3==1.26.8
    # via
    #   -r requirements.txt
    #   requests
wasabi==0.10.1
    # via
    #   -r requirements.txt
    #   spacy
    #   spacy-loggers
    #   thinc
wcwidth==0.2.14
    # via
    #   ftfy
    #   prompt-toolkit
webcolors==24.8.0
    # via jsonschema
webencodings==0.5.1
    # via
    #   bleach
    #   tinycss2
websocket-client==1.8.0
    # via jupyter-server
werkzeug==2.0.3
    # via
    #   -r requirements.txt
    #   tensorboard
wget==3.2
    # via -r requirements.txt
wheel==0.45.1
    # via
    #   -r requirements.txt
    #   tensorboard
widgetsnbextension==3.5.2
    # via ipywidgets
yacs==0.1.8
    # via
    #   -r requirements.txt
    #   fvcore
zipp==3.20.2
    # via
    #   importlib-metadata
    #   importlib-resources
